
Microsoft Visual Studio Solution File, Format Version 12.00
# Visual Studio Version 17
VisualStudioVersion = 17.14.36616.10
MinimumVisualStudioVersion = 10.0.40219.1
Project("{2150E333-8FDC-42A3-9474-1A3956D46DE8}") = "src", "src", "{02EA681E-C7D8-13C7-8484-4AC65E1B71E8}"
EndProject
Project("{2150E333-8FDC-42A3-9474-1A3956D46DE8}") = "1. Domain", "1. Domain", "{12B3700E-83D2-446E-8A30-3622E736FFB2}"
EndProject
Project("{2150E333-8FDC-42A3-9474-1A3956D46DE8}") = "2. Infrastructure", "2. Infrastructure", "{30219E83-B5F0-4BAC-838F-8ED117F16736}"
EndProject
Project("{2150E333-8FDC-42A3-9474-1A3956D46DE8}") = "3. EndPoint", "3. EndPoint", "{AC0B81B7-EC83-482C-B792-CA575FD07077}"
EndProject
Project("{2150E333-8FDC-42A3-9474-1A3956D46DE8}") = "Core", "Core", "{F36E3E31-F5F9-4AC9-B85F-67F65CD1695A}"
EndProject
Project("{2150E333-8FDC-42A3-9474-1A3956D46DE8}") = "AppServices", "AppServices", "{D659758B-CF46-4670-89EB-4282763038EC}"
EndProject
Project("{2150E333-8FDC-42A3-9474-1A3956D46DE8}") = "Services", "Services", "{C25DC427-35FB-48BC-95B0-586D0AAA9377}"
EndProject
Project("{2150E333-8FDC-42A3-9474-1A3956D46DE8}") = "DataAccess", "DataAccess", "{2FE8650F-D44A-4239-B599-C75F942CB87C}"
EndProject
Project("{2150E333-8FDC-42A3-9474-1A3956D46DE8}") = "Db", "Db", "{BC33E950-8A79-4C29-AD34-3CF4341535A6}"
EndProject
Project("{2150E333-8FDC-42A3-9474-1A3956D46DE8}") = "Providers", "Providers", "{0734365F-C71D-4723-B6BC-4BD482768AED}"
EndProject
Project("{FAE04EC0-301F-11D3-BF4B-00C04F79EFBC}") = "Readify.Domain.Core", "src\1. Domain\Core\Readify.Domain.Core\Readify.Domain.Core.csproj", "{7C192E79-55FF-4AB6-8395-EF697D453CA3}"
EndProject
Project("{FAE04EC0-301F-11D3-BF4B-00C04F79EFBC}") = "Readify.Domain.AppServices", "src\1. Domain\AppServices\Readify.Domain.AppServices\Readify.Domain.AppServices.csproj", "{91B58B1D-1354-40F8-BE40-277DBCDA9F91}"
EndProject
Project("{FAE04EC0-301F-11D3-BF4B-00C04F79EFBC}") = "Readify.Domain.Services", "src\1. Domain\Services\Readify.Domain.Services\Readify.Domain.Services.csproj", "{BA39CF30-FDD4-4201-91C0-BFF5706326AB}"
EndProject
Project("{FAE04EC0-301F-11D3-BF4B-00C04F79EFBC}") = "Readify.Infa.Data.Repo.EfCore", "src\2. Infrastructure\DataAccess\Readify.Infa.Data.Repo.EfCore\Readify.Infa.Data.Repo.EfCore.csproj", "{4383CE11-64EC-449F-B94D-4D1AC765DB99}"
EndProject
Project("{FAE04EC0-301F-11D3-BF4B-00C04F79EFBC}") = "Readify.Infa.Db.SqlServer.EfCore", "src\2. Infrastructure\Db\Readify.Infa.Db.SqlServer.EfCore\Readify.Infa.Db.SqlServer.EfCore.csproj", "{BBE0D321-8465-463C-A7E7-F053735B04AB}"
EndProject
Project("{FAE04EC0-301F-11D3-BF4B-00C04F79EFBC}") = "Readify.EndPoint.UI_MVC", "src\3. EndPoint\Readify.EndPoint.UI_MVC\Readify.EndPoint.UI_MVC.csproj", "{CD3F3668-323A-4939-A0C1-3BE64EF61E83}"
EndProject
Project("{2150E333-8FDC-42A3-9474-1A3956D46DE8}") = "packages", "packages", "{EB295142-239D-4829-A2D6-06E31AD35F41}"
EndProject
Project("{2150E333-8FDC-42A3-9474-1A3956D46DE8}") = "Components", "Components", "{A88B6CFE-83F3-482F-8D2C-243EF99D6783}"
EndProject
Project("{2150E333-8FDC-42A3-9474-1A3956D46DE8}") = "Book", "Book", "{FC2A5621-A9A2-4B59-935E-32FB07A3F502}"
	ProjectSection(SolutionItems) = preProject
		..\..\..\Desktop\Readify\src\04.Presentation\Readify.UI_MVC\Components\Book\BookViewComponent.cs = ..\..\..\Desktop\Readify\src\04.Presentation\Readify.UI_MVC\Components\Book\BookViewComponent.cs
	EndProjectSection
EndProject
Project("{2150E333-8FDC-42A3-9474-1A3956D46DE8}") = "Category", "Category", "{48F655F4-04AB-42DC-BD3F-A2400EF9A802}"
	ProjectSection(SolutionItems) = preProject
		..\..\..\Desktop\Readify\src\04.Presentation\Readify.UI_MVC\Components\Category\CategoryViewComponent.cs = ..\..\..\Desktop\Readify\src\04.Presentation\Readify.UI_MVC\Components\Category\CategoryViewComponent.cs
	EndProjectSection
EndProject
Global
	GlobalSection(SolutionConfigurationPlatforms) = preSolution
		Debug|Any CPU = Debug|Any CPU
		Release|Any CPU = Release|Any CPU
	EndGlobalSection
	GlobalSection(ProjectConfigurationPlatforms) = postSolution
		{7C192E79-55FF-4AB6-8395-EF697D453CA3}.Debug|Any CPU.ActiveCfg = Debug|Any CPU
		{7C192E79-55FF-4AB6-8395-EF697D453CA3}.Debug|Any CPU.Build.0 = Debug|Any CPU
		{7C192E79-55FF-4AB6-8395-EF697D453CA3}.Release|Any CPU.ActiveCfg = Release|Any CPU
		{7C192E79-55FF-4AB6-8395-EF697D453CA3}.Release|Any CPU.Build.0 = Release|Any CPU
		{91B58B1D-1354-40F8-BE40-277DBCDA9F91}.Debug|Any CPU.ActiveCfg = Debug|Any CPU
		{91B58B1D-1354-40F8-BE40-277DBCDA9F91}.Debug|Any CPU.Build.0 = Debug|Any CPU
		{91B58B1D-1354-40F8-BE40-277DBCDA9F91}.Release|Any CPU.ActiveCfg = Release|Any CPU
		{91B58B1D-1354-40F8-BE40-277DBCDA9F91}.Release|Any CPU.Build.0 = Release|Any CPU
		{BA39CF30-FDD4-4201-91C0-BFF5706326AB}.Debug|Any CPU.ActiveCfg = Debug|Any CPU
		{BA39CF30-FDD4-4201-91C0-BFF5706326AB}.Debug|Any CPU.Build.0 = Debug|Any CPU
		{BA39CF30-FDD4-4201-91C0-BFF5706326AB}.Release|Any CPU.ActiveCfg = Release|Any CPU
		{BA39CF30-FDD4-4201-91C0-BFF5706326AB}.Release|Any CPU.Build.0 = Release|Any CPU
		{4383CE11-64EC-449F-B94D-4D1AC765DB99}.Debug|Any CPU.ActiveCfg = Debug|Any CPU
		{4383CE11-64EC-449F-B94D-4D1AC765DB99}.Debug|Any CPU.Build.0 = Debug|Any CPU
		{4383CE11-64EC-449F-B94D-4D1AC765DB99}.Release|Any CPU.ActiveCfg = Release|Any CPU
		{4383CE11-64EC-449F-B94D-4D1AC765DB99}.Release|Any CPU.Build.0 = Release|Any CPU
		{BBE0D321-8465-463C-A7E7-F053735B04AB}.Debug|Any CPU.ActiveCfg = Debug|Any CPU
		{BBE0D321-8465-463C-A7E7-F053735B04AB}.Debug|Any CPU.Build.0 = Debug|Any CPU
		{BBE0D321-8465-463C-A7E7-F053735B04AB}.Release|Any CPU.ActiveCfg = Release|Any CPU
		{BBE0D321-8465-463C-A7E7-F053735B04AB}.Release|Any CPU.Build.0 = Release|Any CPU
		{CD3F3668-323A-4939-A0C1-3BE64EF61E83}.Debug|Any CPU.ActiveCfg = Debug|Any CPU
		{CD3F3668-323A-4939-A0C1-3BE64EF61E83}.Debug|Any CPU.Build.0 = Debug|Any CPU
		{CD3F3668-323A-4939-A0C1-3BE64EF61E83}.Release|Any CPU.ActiveCfg = Release|Any CPU
		{CD3F3668-323A-4939-A0C1-3BE64EF61E83}.Release|Any CPU.Build.0 = Release|Any CPU
	EndGlobalSection
	GlobalSection(SolutionProperties) = preSolution
		HideSolutionNode = FALSE
	EndGlobalSection
	GlobalSection(NestedProjects) = preSolution
		{12B3700E-83D2-446E-8A30-3622E736FFB2} = {02EA681E-C7D8-13C7-8484-4AC65E1B71E8}
		{30219E83-B5F0-4BAC-838F-8ED117F16736} = {02EA681E-C7D8-13C7-8484-4AC65E1B71E8}
		{AC0B81B7-EC83-482C-B792-CA575FD07077} = {02EA681E-C7D8-13C7-8484-4AC65E1B71E8}
		{F36E3E31-F5F9-4AC9-B85F-67F65CD1695A} = {12B3700E-83D2-446E-8A30-3622E736FFB2}
		{D659758B-CF46-4670-89EB-4282763038EC} = {12B3700E-83D2-446E-8A30-3622E736FFB2}
		{C25DC427-35FB-48BC-95B0-586D0AAA9377} = {12B3700E-83D2-446E-8A30-3622E736FFB2}
		{2FE8650F-D44A-4239-B599-C75F942CB87C} = {30219E83-B5F0-4BAC-838F-8ED117F16736}
		{BC33E950-8A79-4C29-AD34-3CF4341535A6} = {30219E83-B5F0-4BAC-838F-8ED117F16736}
		{0734365F-C71D-4723-B6BC-4BD482768AED} = {30219E83-B5F0-4BAC-838F-8ED117F16736}
		{7C192E79-55FF-4AB6-8395-EF697D453CA3} = {F36E3E31-F5F9-4AC9-B85F-67F65CD1695A}
		{91B58B1D-1354-40F8-BE40-277DBCDA9F91} = {D659758B-CF46-4670-89EB-4282763038EC}
		{BA39CF30-FDD4-4201-91C0-BFF5706326AB} = {C25DC427-35FB-48BC-95B0-586D0AAA9377}
		{4383CE11-64EC-449F-B94D-4D1AC765DB99} = {2FE8650F-D44A-4239-B599-C75F942CB87C}
		{BBE0D321-8465-463C-A7E7-F053735B04AB} = {BC33E950-8A79-4C29-AD34-3CF4341535A6}
		{CD3F3668-323A-4939-A0C1-3BE64EF61E83} = {AC0B81B7-EC83-482C-B792-CA575FD07077}
		{A88B6CFE-83F3-482F-8D2C-243EF99D6783} = {AC0B81B7-EC83-482C-B792-CA575FD07077}
		{FC2A5621-A9A2-4B59-935E-32FB07A3F502} = {A88B6CFE-83F3-482F-8D2C-243EF99D6783}
		{48F655F4-04AB-42DC-BD3F-A2400EF9A802} = {A88B6CFE-83F3-482F-8D2C-243EF99D6783}
	EndGlobalSection
	GlobalSection(ExtensibilityGlobals) = postSolution
		SolutionGuid = {368D0171-8354-49DD-86A3-5D55F7A3381A}
	EndGlobalSection
EndGlobal
